
Microsoft Visual Studio Solution File, Format Version 12.00
# Visual Studio Version 16
VisualStudioVersion = 16.0.31005.135
MinimumVisualStudioVersion = 10.0.40219.1
Project("{FAE04EC0-301F-11D3-BF4B-00C04F79EFBC}") = "Meeting_7", "Meeting_7\Meeting_7.csproj", "{2D3439EF-AA7A-480E-B99D-C1576EB010BA}"
EndProject
Global
	GlobalSection(SolutionConfigurationPlatforms) = preSolution
		Debug|Any CPU = Debug|Any CPU
		Release|Any CPU = Release|Any CPU
	EndGlobalSection
	GlobalSection(ProjectConfigurationPlatforms) = postSolution
		{2D3439EF-AA7A-480E-B99D-C1576EB010BA}.Debug|Any CPU.ActiveCfg = Debug|Any CPU
		{2D3439EF-AA7A-480E-B99D-C1576EB010BA}.Debug|Any CPU.Build.0 = Debug|Any CPU
		{2D3439EF-AA7A-480E-B99D-C1576EB010BA}.Release|Any CPU.ActiveCfg = Release|Any CPU
		{2D3439EF-AA7A-480E-B99D-C1576EB010BA}.Release|Any CPU.Build.0 = Release|Any CPU
	EndGlobalSection
	GlobalSection(SolutionProperties) = preSolution
		HideSolutionNode = FALSE
	EndGlobalSection
	GlobalSection(ExtensibilityGlobals) = postSolution
		SolutionGuid = {FC32105B-6920-426E-AB69-B70E81A77BE5}
	EndGlobalSection
EndGlobal
